
Microsoft Visual Studio Solution File, Format Version 12.00
Project("{F2A71F9B-5D33-465A-A702-920D77279786}") = "Ferrum.FSharp", "Ferrum.FSharp\Ferrum.FSharp.fsproj", "{E8750601-2231-4BFE-B7DF-BE365755A174}"
EndProject
Project("{F2A71F9B-5D33-465A-A702-920D77279786}") = "Ferrum.Examples", "Ferrum.Examples\Ferrum.Examples.fsproj", "{2B70DC73-6B84-407A-85F7-6DD416D7CAB1}"
EndProject
Project("{F2A71F9B-5D33-465A-A702-920D77279786}") = "Ferrum.Tests", "Ferrum.Tests\Ferrum.Tests.fsproj", "{45F5EA37-2AA9-474D-A0F3-FA4D392DE759}"
EndProject
Project("{F2A71F9B-5D33-465A-A702-920D77279786}") = "Ferrum.Graphviz", "Ferrum.Graphviz\Ferrum.Graphviz.fsproj", "{FF8BD6A5-FC65-48C0-B785-9C6FC413FA62}"
EndProject
Project("{FAE04EC0-301F-11D3-BF4B-00C04F79EFBC}") = "Ferrum.Abstractions", "Ferrum.Abstractions\Ferrum.Abstractions.csproj", "{4633FE8D-3FE1-4D69-92E9-CA310EE98645}"
EndProject
Project("{FAE04EC0-301F-11D3-BF4B-00C04F79EFBC}") = "Ferrum", "Ferrum\Ferrum.csproj", "{D88954A6-1791-4D56-B5A6-E847DE1AE3C6}"
EndProject
Global
	GlobalSection(SolutionConfigurationPlatforms) = preSolution
		Debug|Any CPU = Debug|Any CPU
		Release|Any CPU = Release|Any CPU
	EndGlobalSection
	GlobalSection(ProjectConfigurationPlatforms) = postSolution
		{E8750601-2231-4BFE-B7DF-BE365755A174}.Debug|Any CPU.ActiveCfg = Debug|Any CPU
		{E8750601-2231-4BFE-B7DF-BE365755A174}.Debug|Any CPU.Build.0 = Debug|Any CPU
		{E8750601-2231-4BFE-B7DF-BE365755A174}.Release|Any CPU.ActiveCfg = Release|Any CPU
		{E8750601-2231-4BFE-B7DF-BE365755A174}.Release|Any CPU.Build.0 = Release|Any CPU
		{2B70DC73-6B84-407A-85F7-6DD416D7CAB1}.Debug|Any CPU.ActiveCfg = Debug|Any CPU
		{2B70DC73-6B84-407A-85F7-6DD416D7CAB1}.Debug|Any CPU.Build.0 = Debug|Any CPU
		{2B70DC73-6B84-407A-85F7-6DD416D7CAB1}.Release|Any CPU.ActiveCfg = Release|Any CPU
		{2B70DC73-6B84-407A-85F7-6DD416D7CAB1}.Release|Any CPU.Build.0 = Release|Any CPU
		{45F5EA37-2AA9-474D-A0F3-FA4D392DE759}.Debug|Any CPU.ActiveCfg = Debug|Any CPU
		{45F5EA37-2AA9-474D-A0F3-FA4D392DE759}.Debug|Any CPU.Build.0 = Debug|Any CPU
		{45F5EA37-2AA9-474D-A0F3-FA4D392DE759}.Release|Any CPU.ActiveCfg = Release|Any CPU
		{45F5EA37-2AA9-474D-A0F3-FA4D392DE759}.Release|Any CPU.Build.0 = Release|Any CPU
		{FF8BD6A5-FC65-48C0-B785-9C6FC413FA62}.Debug|Any CPU.ActiveCfg = Debug|Any CPU
		{FF8BD6A5-FC65-48C0-B785-9C6FC413FA62}.Debug|Any CPU.Build.0 = Debug|Any CPU
		{FF8BD6A5-FC65-48C0-B785-9C6FC413FA62}.Release|Any CPU.ActiveCfg = Release|Any CPU
		{FF8BD6A5-FC65-48C0-B785-9C6FC413FA62}.Release|Any CPU.Build.0 = Release|Any CPU
		{4633FE8D-3FE1-4D69-92E9-CA310EE98645}.Debug|Any CPU.ActiveCfg = Debug|Any CPU
		{4633FE8D-3FE1-4D69-92E9-CA310EE98645}.Debug|Any CPU.Build.0 = Debug|Any CPU
		{4633FE8D-3FE1-4D69-92E9-CA310EE98645}.Release|Any CPU.ActiveCfg = Release|Any CPU
		{4633FE8D-3FE1-4D69-92E9-CA310EE98645}.Release|Any CPU.Build.0 = Release|Any CPU
		{D88954A6-1791-4D56-B5A6-E847DE1AE3C6}.Debug|Any CPU.ActiveCfg = Debug|Any CPU
		{D88954A6-1791-4D56-B5A6-E847DE1AE3C6}.Debug|Any CPU.Build.0 = Debug|Any CPU
		{D88954A6-1791-4D56-B5A6-E847DE1AE3C6}.Release|Any CPU.ActiveCfg = Release|Any CPU
		{D88954A6-1791-4D56-B5A6-E847DE1AE3C6}.Release|Any CPU.Build.0 = Release|Any CPU
	EndGlobalSection
EndGlobal
